
Microsoft Visual Studio Solution File, Format Version 12.00
# Visual Studio Version 17
VisualStudioVersion = 17.7.34202.233
MinimumVisualStudioVersion = 10.0.40219.1
Project("{FAE04EC0-301F-11D3-BF4B-00C04F79EFBC}") = "Tp-web-equipo-14", "Tp-web-equipo-14.csproj", "{2129F2C7-A05D-4373-A81B-53DAA72DC510}"
EndProject
Project("{FAE04EC0-301F-11D3-BF4B-00C04F79EFBC}") = "Dominio", "..\Dominio\Dominio.csproj", "{97A154F5-AAF9-4AC1-BE2D-B14DC88E6B88}"
EndProject
Project("{FAE04EC0-301F-11D3-BF4B-00C04F79EFBC}") = "Server", "..\Server\Server.csproj", "{B0B991B3-16B8-4015-BA95-9BD63AFFD0A0}"
EndProject
Global
	GlobalSection(SolutionConfigurationPlatforms) = preSolution
		Debug|Any CPU = Debug|Any CPU
		Release|Any CPU = Release|Any CPU
	EndGlobalSection
	GlobalSection(ProjectConfigurationPlatforms) = postSolution
		{2129F2C7-A05D-4373-A81B-53DAA72DC510}.Debug|Any CPU.ActiveCfg = Debug|Any CPU
		{2129F2C7-A05D-4373-A81B-53DAA72DC510}.Debug|Any CPU.Build.0 = Debug|Any CPU
		{2129F2C7-A05D-4373-A81B-53DAA72DC510}.Release|Any CPU.ActiveCfg = Release|Any CPU
		{2129F2C7-A05D-4373-A81B-53DAA72DC510}.Release|Any CPU.Build.0 = Release|Any CPU
		{97A154F5-AAF9-4AC1-BE2D-B14DC88E6B88}.Debug|Any CPU.ActiveCfg = Debug|Any CPU
		{97A154F5-AAF9-4AC1-BE2D-B14DC88E6B88}.Debug|Any CPU.Build.0 = Debug|Any CPU
		{97A154F5-AAF9-4AC1-BE2D-B14DC88E6B88}.Release|Any CPU.ActiveCfg = Release|Any CPU
		{97A154F5-AAF9-4AC1-BE2D-B14DC88E6B88}.Release|Any CPU.Build.0 = Release|Any CPU
		{B0B991B3-16B8-4015-BA95-9BD63AFFD0A0}.Debug|Any CPU.ActiveCfg = Debug|Any CPU
		{B0B991B3-16B8-4015-BA95-9BD63AFFD0A0}.Debug|Any CPU.Build.0 = Debug|Any CPU
		{B0B991B3-16B8-4015-BA95-9BD63AFFD0A0}.Release|Any CPU.ActiveCfg = Release|Any CPU
		{B0B991B3-16B8-4015-BA95-9BD63AFFD0A0}.Release|Any CPU.Build.0 = Release|Any CPU
	EndGlobalSection
	GlobalSection(SolutionProperties) = preSolution
		HideSolutionNode = FALSE
	EndGlobalSection
	GlobalSection(ExtensibilityGlobals) = postSolution
		SolutionGuid = {238AE10F-7C3B-441F-AA8E-EBF46987C949}
	EndGlobalSection
EndGlobal
