
Microsoft Visual Studio Solution File, Format Version 12.00
# Visual Studio Version 17
VisualStudioVersion = 17.7.34202.233
MinimumVisualStudioVersion = 10.0.40219.1
Project("{FAE04EC0-301F-11D3-BF4B-00C04F79EFBC}") = "TPWeb_equipo-14", "TPWeb_equipo-14.csproj", "{2F31B673-E9DB-43F2-A79B-F89F479C0F8A}"
EndProject
Project("{FAE04EC0-301F-11D3-BF4B-00C04F79EFBC}") = "Dominio", "..\..\Users\teobe\OneDrive\Escritorio\PROGRAMACION\.Progra3\Tp-web-equipo-14-main\Dominio\Dominio.csproj", "{B88148FE-2CDC-4C9F-85CF-70A1C0DC4B79}"
EndProject
Project("{FAE04EC0-301F-11D3-BF4B-00C04F79EFBC}") = "Server", "..\..\Users\teobe\OneDrive\Escritorio\PROGRAMACION\.Progra3\Tp-web-equipo-14-main\Server\Server.csproj", "{8E232A39-B099-44DB-B8C0-58EC808CB319}"
EndProject
Global
	GlobalSection(SolutionConfigurationPlatforms) = preSolution
		Debug|Any CPU = Debug|Any CPU
		Release|Any CPU = Release|Any CPU
	EndGlobalSection
	GlobalSection(ProjectConfigurationPlatforms) = postSolution
		{2F31B673-E9DB-43F2-A79B-F89F479C0F8A}.Debug|Any CPU.ActiveCfg = Debug|Any CPU
		{2F31B673-E9DB-43F2-A79B-F89F479C0F8A}.Debug|Any CPU.Build.0 = Debug|Any CPU
		{2F31B673-E9DB-43F2-A79B-F89F479C0F8A}.Release|Any CPU.ActiveCfg = Release|Any CPU
		{2F31B673-E9DB-43F2-A79B-F89F479C0F8A}.Release|Any CPU.Build.0 = Release|Any CPU
		{B88148FE-2CDC-4C9F-85CF-70A1C0DC4B79}.Debug|Any CPU.ActiveCfg = Debug|Any CPU
		{B88148FE-2CDC-4C9F-85CF-70A1C0DC4B79}.Debug|Any CPU.Build.0 = Debug|Any CPU
		{B88148FE-2CDC-4C9F-85CF-70A1C0DC4B79}.Release|Any CPU.ActiveCfg = Release|Any CPU
		{B88148FE-2CDC-4C9F-85CF-70A1C0DC4B79}.Release|Any CPU.Build.0 = Release|Any CPU
		{8E232A39-B099-44DB-B8C0-58EC808CB319}.Debug|Any CPU.ActiveCfg = Debug|Any CPU
		{8E232A39-B099-44DB-B8C0-58EC808CB319}.Debug|Any CPU.Build.0 = Debug|Any CPU
		{8E232A39-B099-44DB-B8C0-58EC808CB319}.Release|Any CPU.ActiveCfg = Release|Any CPU
		{8E232A39-B099-44DB-B8C0-58EC808CB319}.Release|Any CPU.Build.0 = Release|Any CPU
	EndGlobalSection
	GlobalSection(SolutionProperties) = preSolution
		HideSolutionNode = FALSE
	EndGlobalSection
	GlobalSection(ExtensibilityGlobals) = postSolution
		SolutionGuid = {89735BCD-67BD-420E-87CD-17FA5BDC11DA}
	EndGlobalSection
EndGlobal
